
Microsoft Visual Studio Solution File, Format Version 11.00
# Visual Studio 2010
Project("{FAE04EC0-301F-11D3-BF4B-00C04F79EFBC}") = "Assembly-CSharp", "Assembly-CSharp.csproj", "{b2e53393-df8f-05bf-26eb-343d92314340}"
EndProject
Project("{FAE04EC0-301F-11D3-BF4B-00C04F79EFBC}") = "Assembly-CSharp-Editor-firstpass", "Assembly-CSharp-Editor-firstpass.csproj", "{1528f780-d15a-8ab3-87a8-7aff82e8da00}"
EndProject
Global
	GlobalSection(SolutionConfigurationPlatforms) = preSolution
		Debug|Any CPU = Debug|Any CPU
	EndGlobalSection
	GlobalSection(ProjectConfigurationPlatforms) = postSolution
		{b2e53393-df8f-05bf-26eb-343d92314340}.Debug|Any CPU.ActiveCfg = Debug|Any CPU
		{b2e53393-df8f-05bf-26eb-343d92314340}.Debug|Any CPU.Build.0 = Debug|Any CPU
		{1528f780-d15a-8ab3-87a8-7aff82e8da00}.Debug|Any CPU.ActiveCfg = Debug|Any CPU
		{1528f780-d15a-8ab3-87a8-7aff82e8da00}.Debug|Any CPU.Build.0 = Debug|Any CPU
	EndGlobalSection
	GlobalSection(SolutionProperties) = preSolution
		HideSolutionNode = FALSE
	EndGlobalSection
EndGlobal
